
Microsoft Visual Studio Solution File, Format Version 12.00
# Visual Studio Version 16
VisualStudioVersion = 16.0.29911.84
MinimumVisualStudioVersion = 10.0.40219.1
Project("{FAE04EC0-301F-11D3-BF4B-00C04F79EFBC}") = "Apex Computing - Windows VPN Setup", "Apex Computing - Windows VPN Setup.csproj", "{D312F01B-24FF-430D-9F8C-4522CA45331A}"
EndProject
Global
	GlobalSection(SolutionConfigurationPlatforms) = preSolution
		Debug|Any CPU = Debug|Any CPU
		Release|Any CPU = Release|Any CPU
	EndGlobalSection
	GlobalSection(ProjectConfigurationPlatforms) = postSolution
		{D312F01B-24FF-430D-9F8C-4522CA45331A}.Debug|Any CPU.ActiveCfg = Debug|Any CPU
		{D312F01B-24FF-430D-9F8C-4522CA45331A}.Debug|Any CPU.Build.0 = Debug|Any CPU
		{D312F01B-24FF-430D-9F8C-4522CA45331A}.Release|Any CPU.ActiveCfg = Release|Any CPU
		{D312F01B-24FF-430D-9F8C-4522CA45331A}.Release|Any CPU.Build.0 = Release|Any CPU
	EndGlobalSection
	GlobalSection(SolutionProperties) = preSolution
		HideSolutionNode = FALSE
	EndGlobalSection
	GlobalSection(ExtensibilityGlobals) = postSolution
		SolutionGuid = {420FAF83-2493-4774-A86F-992F97614DB9}
	EndGlobalSection
EndGlobal
